# THIS IS AN AUTOGENERATED FILE. DO NOT EDIT THIS FILE DIRECTLY.
# yarn lockfile v1


petitio@^1.3.2:
  version "1.4.0"
  resolved "https://registry.yarnpkg.com/petitio/-/petitio-1.4.0.tgz#1887cba89b95de2c61ef774a2f1baf68845ba022"
  integrity sha512-9LaVd/5BLmbNU8Q4Ax8NezihiPt2ISNqi2vKilEchSSf+YSOXxfsLUb0SUmDskm1WkBOVTsqdyuyYI0RYKqr0Q==
